{
    "name": "cs-server",
    "version": "1.0.0",
    "lockfileVersion": 1,
    "requires": true,
    "dependencies": {
        "@types/node": {
            "version": "20.1.0",
            "resolved": "https://registry.npmjs.org/@types/node/-/node-20.1.0.tgz",
            "integrity": "sha512-O+z53uwx64xY7D6roOi4+jApDGFg0qn6WHcxe5QeqjMaTezBO/mxdfFXIVAVVyNWKx84OmPB3L8kbVYOTeN34A=="
        },
        "any-promise": {
            "version": "1.3.0",
            "resolved": "https://registry.npmjs.org/any-promise/-/any-promise-1.3.0.tgz",
            "integrity": "sha512-7UvmKalWRt1wgjL1RrGxoSJW/0QZFIegpeGvZG9kjp8vrRu55XTHbwnqq2GpXm9uLbcuhxm3IqX9OB4MZR1b2A=="
        },
        "bluebird": {
            "version": "3.7.2",
            "resolved": "https://registry.npmjs.org/bluebird/-/bluebird-3.7.2.tgz",
            "integrity": "sha512-XpNj6GDQzdfW+r2Wnn7xiSAd7TM3jzkxGXBGTtWKuSXv1xUV+azxAm8jdWZN06QTQk+2N2XB9jRDkvbmQmcRtg=="
        },
        "cls-bluebird": {
            "version": "2.1.0",
            "resolved": "https://registry.npmjs.org/cls-bluebird/-/cls-bluebird-2.1.0.tgz",
            "integrity": "sha512-XVb0RPmHQyy35Tz9z34gvtUcBKUK8A/1xkGCyeFc9B0C7Zr5SysgFaswRVdwI5NEMcO+3JKlIDGIOgERSn9NdA==",
            "requires": {
                "is-bluebird": "^1.0.2",
                "shimmer": "^1.1.0"
            }
        },
        "co": {
            "version": "4.6.0",
            "resolved": "http://registry.npm.taobao.org/co/download/co-4.6.0.tgz",
            "integrity": "sha1-bqa989hTrlTMuOR7+gvz+QMfsYQ="
        },
        "debug": {
            "version": "4.3.4",
            "resolved": "https://registry.npmjs.org/debug/-/debug-4.3.4.tgz",
            "integrity": "sha512-PRWFHuSU3eDtQJPvnNY7Jcket1j0t5OuOsFzPPzsekD52Zl8qUfFIPEiswXqIvHWGVHOgX+7G/vCNNhehwxfkQ==",
            "requires": {
                "ms": "2.1.2"
            }
        },
        "denque": {
            "version": "1.4.1",
            "resolved": "https://registry.npm.taobao.org/denque/download/denque-1.4.1.tgz",
            "integrity": "sha1-Z0T/dkHBSMP4ppwwflEjXB9KN88="
        },
        "dottie": {
            "version": "2.0.3",
            "resolved": "https://registry.npmjs.org/dottie/-/dottie-2.0.3.tgz",
            "integrity": "sha512-4liA0PuRkZWQFQjwBypdxPfZaRWiv5tkhMXY2hzsa2pNf5s7U3m9cwUchfNKe8wZQxdGPQQzO6Rm2uGe0rvohQ=="
        },
        "generate-function": {
            "version": "2.3.1",
            "resolved": "https://registry.npm.taobao.org/generate-function/download/generate-function-2.3.1.tgz",
            "integrity": "sha1-8GlhdpDBDIaOc7hGV0Z2T5fDR58=",
            "requires": {
                "is-property": "^1.0.2"
            }
        },
        "iconv-lite": {
            "version": "0.4.24",
            "resolved": "http://registry.npm.taobao.org/iconv-lite/download/iconv-lite-0.4.24.tgz",
            "integrity": "sha1-ICK0sl+93CHS9SSXSkdKr+czkIs=",
            "requires": {
                "safer-buffer": ">= 2.1.2 < 3"
            }
        },
        "inflection": {
            "version": "1.12.0",
            "resolved": "https://registry.npmjs.org/inflection/-/inflection-1.12.0.tgz",
            "integrity": "sha512-lRy4DxuIFWXlJU7ed8UiTJOSTqStqYdEb4CEbtXfNbkdj3nH1L+reUWiE10VWcJS2yR7tge8Z74pJjtBjNwj0w=="
        },
        "is-bluebird": {
            "version": "1.0.2",
            "resolved": "https://registry.npmjs.org/is-bluebird/-/is-bluebird-1.0.2.tgz",
            "integrity": "sha512-PDRu1vVip5dGQg5tfn2qVCCyxbBYu5MhYUJwSfL/RoGBI97n1fxvilVazxzptZW0gcmsMH17H4EVZZI5E/RSeA=="
        },
        "is-property": {
            "version": "1.0.2",
            "resolved": "https://registry.npm.taobao.org/is-property/download/is-property-1.0.2.tgz",
            "integrity": "sha1-V/4cTkhHTt1lsJkR8msc1Ald2oQ="
        },
        "is-typedarray": {
            "version": "1.0.0",
            "resolved": "http://registry.npm.taobao.org/is-typedarray/download/is-typedarray-1.0.0.tgz",
            "integrity": "sha1-5HnICFjfDBsR3dppQPlgEfzaSpo="
        },
        "lodash": {
            "version": "4.17.21",
            "resolved": "https://registry.npmjs.org/lodash/-/lodash-4.17.21.tgz",
            "integrity": "sha512-v2kDEe57lecTulaDIuNTPy3Ry4gLGJ6Z1O3vE1krgXZNrsQ+LFTGHVxVjcXPs17LhbZVGedAJv8XZ1tvj5FvSg=="
        },
        "long": {
            "version": "4.0.0",
            "resolved": "https://registry.npm.taobao.org/long/download/long-4.0.0.tgz?cache=0&other_urls=https%3A%2F%2Fregistry.npm.taobao.org%2Flong%2Fdownload%2Flong-4.0.0.tgz",
            "integrity": "sha1-mntxz7fTYaGU6lVSQckvdGjVvyg="
        },
        "lru-cache": {
            "version": "4.1.5",
            "resolved": "http://registry.npm.taobao.org/lru-cache/download/lru-cache-4.1.5.tgz",
            "integrity": "sha1-i75Q6oW+1ZvJ4z3KuCNe6bz0Q80=",
            "requires": {
                "pseudomap": "^1.0.2",
                "yallist": "^2.1.2"
            }
        },
        "moment": {
            "version": "2.29.4",
            "resolved": "https://registry.npmjs.org/moment/-/moment-2.29.4.tgz",
            "integrity": "sha512-5LC9SOxjSc2HF6vO2CyuTDNivEdoz2IvyJJGj6X8DJ0eFyfszE0QiEd+iXmBvUP3WHxSjFH/vIsA0EN00cgr8w=="
        },
        "moment-timezone": {
            "version": "0.5.43",
            "resolved": "https://registry.npmjs.org/moment-timezone/-/moment-timezone-0.5.43.tgz",
            "integrity": "sha512-72j3aNyuIsDxdF1i7CEgV2FfxM1r6aaqJyLB2vwb33mXYyoyLly+F1zbWqhA3/bVIoJ4szlUoMbUnVdid32NUQ==",
            "requires": {
                "moment": "^2.29.4"
            }
        },
        "ms": {
            "version": "2.1.2",
            "resolved": "https://registry.npmjs.org/ms/-/ms-2.1.2.tgz",
            "integrity": "sha512-sGkPx+VjMtmA6MX27oA4FBFELFCZZ4S4XqeGOXCv68tT+jb3vk/RyaKWP0PTKyWtmLSM0b+adUTEvbs1PEaH2w=="
        },
        "mysql2": {
            "version": "1.6.5",
            "resolved": "https://registry.npm.taobao.org/mysql2/download/mysql2-1.6.5.tgz",
            "integrity": "sha1-ZpUwT6LOeT3aXJjou+xly9Lmy50=",
            "requires": {
                "denque": "^1.4.0",
                "generate-function": "^2.3.1",
                "iconv-lite": "^0.4.24",
                "long": "^4.0.0",
                "lru-cache": "^4.1.3",
                "named-placeholders": "^1.1.2",
                "seq-queue": "^0.0.5",
                "sqlstring": "^2.3.1"
            }
        },
        "named-placeholders": {
            "version": "1.1.2",
            "resolved": "https://registry.npm.taobao.org/named-placeholders/download/named-placeholders-1.1.2.tgz",
            "integrity": "sha1-zrH7/1C2szSStc8hTM9eOc7z0Og=",
            "requires": {
                "lru-cache": "^4.1.3"
            }
        },
        "nan": {
            "version": "2.14.0",
            "resolved": "https://registry.npm.taobao.org/nan/download/nan-2.14.0.tgz",
            "integrity": "sha1-eBj3IgJ7JFmobwKV1DTR/CM2xSw="
        },
        "pseudomap": {
            "version": "1.0.2",
            "resolved": "http://registry.npm.taobao.org/pseudomap/download/pseudomap-1.0.2.tgz",
            "integrity": "sha1-8FKijacOYYkX7wqKw0wa5aaChrM="
        },
        "retry-as-promised": {
            "version": "3.2.0",
            "resolved": "https://registry.npmjs.org/retry-as-promised/-/retry-as-promised-3.2.0.tgz",
            "integrity": "sha512-CybGs60B7oYU/qSQ6kuaFmRd9sTZ6oXSc0toqePvV74Ac6/IFZSI1ReFQmtCN+uvW1Mtqdwpvt/LGOiCBAY2Mg==",
            "requires": {
                "any-promise": "^1.3.0"
            }
        },
        "safer-buffer": {
            "version": "2.1.2",
            "resolved": "http://registry.npm.taobao.org/safer-buffer/download/safer-buffer-2.1.2.tgz",
            "integrity": "sha1-RPoWGwGHuVSd2Eu5GAL5vYOFzWo="
        },
        "semver": {
            "version": "6.3.0",
            "resolved": "https://registry.npmjs.org/semver/-/semver-6.3.0.tgz",
            "integrity": "sha512-b39TBaTSfV6yBrapU89p5fKekE2m/NwnDocOVruQFS1/veMgdzuPcnOM34M6CwxW8jH/lxEa5rBoDeUwu5HHTw=="
        },
        "seq-queue": {
            "version": "0.0.5",
            "resolved": "https://registry.npm.taobao.org/seq-queue/download/seq-queue-0.0.5.tgz",
            "integrity": "sha1-1WgS4cAXpuTnw+Ojeh2m143TyT4="
        },
        "sequelize": {
            "version": "5.22.5",
            "resolved": "https://registry.npmjs.org/sequelize/-/sequelize-5.22.5.tgz",
            "integrity": "sha512-ySIHof18sJbeVG4zjEvsDL490cd9S14/IhkCrZR/g0C/FPlZq1AzEJVeSAo++9/sgJH2eERltAIGqYQNgVqX/A==",
            "requires": {
                "bluebird": "^3.5.0",
                "cls-bluebird": "^2.1.0",
                "debug": "^4.1.1",
                "dottie": "^2.0.0",
                "inflection": "1.12.0",
                "lodash": "^4.17.15",
                "moment": "^2.24.0",
                "moment-timezone": "^0.5.21",
                "retry-as-promised": "^3.2.0",
                "semver": "^6.3.0",
                "sequelize-pool": "^2.3.0",
                "toposort-class": "^1.0.1",
                "uuid": "^8.3.2",
                "validator": "^13.7.0",
                "wkx": "^0.4.8"
            }
        },
        "sequelize-pool": {
            "version": "2.3.0",
            "resolved": "https://registry.npmjs.org/sequelize-pool/-/sequelize-pool-2.3.0.tgz",
            "integrity": "sha512-Ibz08vnXvkZ8LJTiUOxRcj1Ckdn7qafNZ2t59jYHMX1VIebTAOYefWdRYFt6z6+hy52WGthAHAoLc9hvk3onqA=="
        },
        "shimmer": {
            "version": "1.2.1",
            "resolved": "https://registry.npmjs.org/shimmer/-/shimmer-1.2.1.tgz",
            "integrity": "sha512-sQTKC1Re/rM6XyFM6fIAGHRPVGvyXfgzIDvzoq608vM+jeyVD0Tu1E6Np0Kc2zAIFWIj963V2800iF/9LPieQw=="
        },
        "sqlstring": {
            "version": "2.3.1",
            "resolved": "https://registry.npm.taobao.org/sqlstring/download/sqlstring-2.3.1.tgz",
            "integrity": "sha1-R1OT/56RR5rqYtyvDKPRSYOn+0A="
        },
        "toposort-class": {
            "version": "1.0.1",
            "resolved": "https://registry.npmjs.org/toposort-class/-/toposort-class-1.0.1.tgz",
            "integrity": "sha512-OsLcGGbYF3rMjPUf8oKktyvCiUxSbqMMS39m33MAjLTC1DVIH6x3WSt63/M77ihI09+Sdfk1AXvfhCEeUmC7mg=="
        },
        "typedarray-to-buffer": {
            "version": "3.1.5",
            "resolved": "https://registry.npm.taobao.org/typedarray-to-buffer/download/typedarray-to-buffer-3.1.5.tgz",
            "integrity": "sha1-qX7nqf9CaRufeD/xvFES/j/KkIA=",
            "requires": {
                "is-typedarray": "^1.0.0"
            }
        },
        "uuid": {
            "version": "8.3.2",
            "resolved": "https://registry.npmjs.org/uuid/-/uuid-8.3.2.tgz",
            "integrity": "sha512-+NYs2QeMWy+GWFOEm9xnn6HCDp0l7QBD7ml8zLUmJ+93Q5NF0NocErnwkTkXVFNiX3/fpC6afS8Dhb/gz7R7eg=="
        },
        "validator": {
            "version": "13.9.0",
            "resolved": "https://registry.npmjs.org/validator/-/validator-13.9.0.tgz",
            "integrity": "sha512-B+dGG8U3fdtM0/aNK4/X8CXq/EcxU2WPrPEkJGslb47qyHsxmbggTWK0yEA4qnYVNF+nxNlN88o14hIcPmSIEA=="
        },
        "websocket": {
            "version": "1.0.28",
            "resolved": "https://registry.npm.taobao.org/websocket/download/websocket-1.0.28.tgz",
            "integrity": "sha1-nl9v3Io/4B1EImR++Tq92NRaeNM=",
            "requires": {
                "debug": "^2.2.0",
                "nan": "^2.11.0",
                "typedarray-to-buffer": "^3.1.5",
                "yaeti": "^0.0.6"
            },
            "dependencies": {
                "debug": {
                    "version": "2.6.9",
                    "resolved": "http://registry.npm.taobao.org/debug/download/debug-2.6.9.tgz",
                    "integrity": "sha1-XRKFFd8TT/Mn6QpMk/Tgd6U2NB8=",
                    "requires": {
                        "ms": "2.0.0"
                    }
                },
                "ms": {
                    "version": "2.0.0",
                    "resolved": "http://registry.npm.taobao.org/ms/download/ms-2.0.0.tgz",
                    "integrity": "sha1-VgiurfwAvmwpAd9fmGF4jeDVl8g="
                }
            }
        },
        "wkx": {
            "version": "0.4.8",
            "resolved": "https://registry.npmjs.org/wkx/-/wkx-0.4.8.tgz",
            "integrity": "sha512-ikPXMM9IR/gy/LwiOSqWlSL3X/J5uk9EO2hHNRXS41eTLXaUFEVw9fn/593jW/tE5tedNg8YjT5HkCa4FqQZyQ==",
            "requires": {
                "@types/node": "*"
            }
        },
        "yaeti": {
            "version": "0.0.6",
            "resolved": "https://registry.npm.taobao.org/yaeti/download/yaeti-0.0.6.tgz",
            "integrity": "sha1-8m9ITXJoTPQr7ft2lwqhYI+/lXc="
        },
        "yallist": {
            "version": "2.1.2",
            "resolved": "http://registry.npm.taobao.org/yallist/download/yallist-2.1.2.tgz",
            "integrity": "sha1-HBH5IY8HYImkfdUS+TxmmaaoHVI="
        }
    }
}
